{
  "lockVersion": 1,
  "packages": {
    "json-rpc": {
      "url": "github.com/milo-language/milo-json-rpc",
      "version": "v0.2.0",
      "commit": "7594d1121b9a5bbdb188d7720b3df2ae2836ff89",
      "hash": "sha256:a0bbde550f5cf6160bf0bd30bc09c85967fe8d309d54fc6257a36b16195b72d4",
      "deps": []
    }
  }
}
