{
  "lockVersion": 1,
  "packages": {
    "gl": {
      "url": "github.com/milo-language/milo-gl",
      "version": "v0.2.1",
      "commit": "4e524f0a32243f59cf58cd1bda2123eda7186868",
      "hash": "sha256:8872946f1ab7f94334111060bb07c509958226fd80d5e59cf0d1132997696cd2",
      "deps": []
    },
    "sdl": {
      "url": "github.com/milo-language/milo-sdl",
      "version": "v0.3.1",
      "commit": "b42758800563c6dde20ab55658db85145dce6211",
      "hash": "sha256:5fbca9edb538e58663e9ac740fe960893f3fa28842eccf8d80ad01ddc923024b",
      "deps": []
    }
  }
}
