{
  "lockVersion": 1,
  "packages": {
    "gl": {
      "url": "github.com/milo-language/milo-gl",
      "version": "v0.2.1",
      "commit": "4e524f0a32243f59cf58cd1bda2123eda7186868",
      "hash": "sha256:8872946f1ab7f94334111060bb07c509958226fd80d5e59cf0d1132997696cd2",
      "deps": []
    }
  }
}
